
Microsoft Visual Studio Solution File, Format Version 12.00
# Visual Studio Version 17
VisualStudioVersion = 17.0.31903.59
MinimumVisualStudioVersion = 10.0.40219.1
Project("{FAE04EC0-301F-11D3-BF4B-00C04F79EFBC}") = "PokeAdvantage.Tests", "PokeAdvantage.Tests\PokeAdvantage.Tests.csproj", "{ACF2EBEF-2D96-4776-93C7-FCDAA35B08E1}"
EndProject
Project("{FAE04EC0-301F-11D3-BF4B-00C04F79EFBC}") = "PokeAdvantage", "PokeAdvantage\PokeAdvantage.csproj", "{C5F90CF7-FDF8-4458-88C5-927639CFF182}"
EndProject
Global
	GlobalSection(SolutionConfigurationPlatforms) = preSolution
		Debug|Any CPU = Debug|Any CPU
		Release|Any CPU = Release|Any CPU
	EndGlobalSection
	GlobalSection(SolutionProperties) = preSolution
		HideSolutionNode = FALSE
	EndGlobalSection
	GlobalSection(ProjectConfigurationPlatforms) = postSolution
		{ACF2EBEF-2D96-4776-93C7-FCDAA35B08E1}.Debug|Any CPU.ActiveCfg = Debug|Any CPU
		{ACF2EBEF-2D96-4776-93C7-FCDAA35B08E1}.Debug|Any CPU.Build.0 = Debug|Any CPU
		{ACF2EBEF-2D96-4776-93C7-FCDAA35B08E1}.Release|Any CPU.ActiveCfg = Release|Any CPU
		{ACF2EBEF-2D96-4776-93C7-FCDAA35B08E1}.Release|Any CPU.Build.0 = Release|Any CPU
		{C5F90CF7-FDF8-4458-88C5-927639CFF182}.Debug|Any CPU.ActiveCfg = Debug|Any CPU
		{C5F90CF7-FDF8-4458-88C5-927639CFF182}.Debug|Any CPU.Build.0 = Debug|Any CPU
		{C5F90CF7-FDF8-4458-88C5-927639CFF182}.Release|Any CPU.ActiveCfg = Release|Any CPU
		{C5F90CF7-FDF8-4458-88C5-927639CFF182}.Release|Any CPU.Build.0 = Release|Any CPU
	EndGlobalSection
EndGlobal
